
Microsoft Visual Studio Solution File, Format Version 12.00
# Visual Studio Version 17
VisualStudioVersion = 17.5.002.0
MinimumVisualStudioVersion = 10.0.40219.1
Project("{9A19103F-16F7-4668-BE54-9A1E7A4F7556}") = "models-api-businesspro", "models-api-businesspro.csproj", "{23B7FE0E-665A-4388-8084-54D62CCCD7A8}"
EndProject
Global
	GlobalSection(SolutionConfigurationPlatforms) = preSolution
		Debug|Any CPU = Debug|Any CPU
		Release|Any CPU = Release|Any CPU
	EndGlobalSection
	GlobalSection(ProjectConfigurationPlatforms) = postSolution
		{23B7FE0E-665A-4388-8084-54D62CCCD7A8}.Debug|Any CPU.ActiveCfg = Debug|Any CPU
		{23B7FE0E-665A-4388-8084-54D62CCCD7A8}.Debug|Any CPU.Build.0 = Debug|Any CPU
		{23B7FE0E-665A-4388-8084-54D62CCCD7A8}.Release|Any CPU.ActiveCfg = Release|Any CPU
		{23B7FE0E-665A-4388-8084-54D62CCCD7A8}.Release|Any CPU.Build.0 = Release|Any CPU
	EndGlobalSection
	GlobalSection(SolutionProperties) = preSolution
		HideSolutionNode = FALSE
	EndGlobalSection
	GlobalSection(ExtensibilityGlobals) = postSolution
		SolutionGuid = {0EE3318A-E997-4F97-9D1F-7A340B11E408}
	EndGlobalSection
EndGlobal
